
Microsoft Visual Studio Solution File, Format Version 12.00
# Visual Studio Version 16
VisualStudioVersion = 16.0.31624.102
MinimumVisualStudioVersion = 10.0.40219.1
Project("{9A19103F-16F7-4668-BE54-9A1E7A4F7556}") = "Test_rm", "Test_rm\Test_rm.csproj", "{325923A6-7540-4D71-875C-684838EC8FD4}"
EndProject
Global
	GlobalSection(SolutionConfigurationPlatforms) = preSolution
		Debug|Any CPU = Debug|Any CPU
		Release|Any CPU = Release|Any CPU
	EndGlobalSection
	GlobalSection(ProjectConfigurationPlatforms) = postSolution
		{325923A6-7540-4D71-875C-684838EC8FD4}.Debug|Any CPU.ActiveCfg = Debug|Any CPU
		{325923A6-7540-4D71-875C-684838EC8FD4}.Debug|Any CPU.Build.0 = Debug|Any CPU
		{325923A6-7540-4D71-875C-684838EC8FD4}.Release|Any CPU.ActiveCfg = Release|Any CPU
		{325923A6-7540-4D71-875C-684838EC8FD4}.Release|Any CPU.Build.0 = Release|Any CPU
	EndGlobalSection
	GlobalSection(SolutionProperties) = preSolution
		HideSolutionNode = FALSE
	EndGlobalSection
	GlobalSection(ExtensibilityGlobals) = postSolution
		SolutionGuid = {B5503000-CF1D-46B0-A0F1-77DDF0848B70}
	EndGlobalSection
EndGlobal
